// !$*UTF8*$!
{
	archiveVersion = 1;
	classes = {
	};
	objectVersion = 55;
	objects = {

/* Begin PBXBuildFile section */
		92A049DA273DDD5100AF83C2 /* AppDelegate.swift in Sources */ = {isa = PBXBuildFile; fileRef = 92A049D9273DDD5100AF83C2 /* AppDelegate.swift */; };
		92A049DC273DDD5100AF83C2 /* SceneDelegate.swift in Sources */ = {isa = PBXBuildFile; fileRef = 92A049DB273DDD5100AF83C2 /* SceneDelegate.swift */; };
		92A049DE273DDD5100AF83C2 /* PillScanVC.swift in Sources */ = {isa = PBXBuildFile; fileRef = 92A049DD273DDD5100AF83C2 /* PillScanVC.swift */; };
		92A049E3273DDD5200AF83C2 /* Icon.xcassets in Resources */ = {isa = PBXBuildFile; fileRef = 92A049E2273DDD5200AF83C2 /* Icon.xcassets */; };
		92A049E6273DDD5200AF83C2 /* LaunchScreen.storyboard in Resources */ = {isa = PBXBuildFile; fileRef = 92A049E4273DDD5200AF83C2 /* LaunchScreen.storyboard */; };
		92A049EF273DDD8500AF83C2 /* SqueezeNet.mlmodel in Sources */ = {isa = PBXBuildFile; fileRef = 92A049ED273DDD8500AF83C2 /* SqueezeNet.mlmodel */; };
		92A049F0273DDD8500AF83C2 /* Resnet50.mlmodel in Sources */ = {isa = PBXBuildFile; fileRef = 92A049EE273DDD8500AF83C2 /* Resnet50.mlmodel */; };
		92A04A02273DE8EC00AF83C2 /* Onboarding.storyboard in Resources */ = {isa = PBXBuildFile; fileRef = 92A04A01273DE8EC00AF83C2 /* Onboarding.storyboard */; };
		92A04A04273DEA1600AF83C2 /* NavigationController.swift in Sources */ = {isa = PBXBuildFile; fileRef = 92A04A03273DEA1600AF83C2 /* NavigationController.swift */; };
		92B0456227422AEF0030B923 /* AgeTVC.swift in Sources */ = {isa = PBXBuildFile; fileRef = 92B0456027422AEF0030B923 /* AgeTVC.swift */; };
		92B0456327422AEF0030B923 /* AgeTVC.xib in Resources */ = {isa = PBXBuildFile; fileRef = 92B0456127422AEF0030B923 /* AgeTVC.xib */; };
		92B0456627422B110030B923 /* AgeCVC.swift in Sources */ = {isa = PBXBuildFile; fileRef = 92B0456427422B110030B923 /* AgeCVC.swift */; };
		92B0456727422B110030B923 /* AgeCVC.xib in Resources */ = {isa = PBXBuildFile; fileRef = 92B0456527422B110030B923 /* AgeCVC.xib */; };
		92B0456A27422B790030B923 /* SituationTVC.swift in Sources */ = {isa = PBXBuildFile; fileRef = 92B0456827422B790030B923 /* SituationTVC.swift */; };
		92B0456B27422B790030B923 /* SituationTVC.xib in Resources */ = {isa = PBXBuildFile; fileRef = 92B0456927422B790030B923 /* SituationTVC.xib */; };
		92B0457427423BBC0030B923 /* PopUp.storyboard in Resources */ = {isa = PBXBuildFile; fileRef = 92B0457327423BBC0030B923 /* PopUp.storyboard */; };
		92B619AA273EC01400BE31D1 /* SpoqaHanSansNeo-Regular.otf in Resources */ = {isa = PBXBuildFile; fileRef = 92B619A5273EBFBA00BE31D1 /* SpoqaHanSansNeo-Regular.otf */; };
		92B619AB273EC01400BE31D1 /* SpoqaHanSansNeo-Bold.otf in Resources */ = {isa = PBXBuildFile; fileRef = 92B619A9273EBFBA00BE31D1 /* SpoqaHanSansNeo-Bold.otf */; };
		92B619AC273EC01400BE31D1 /* SpoqaHanSansNeo-Light.otf in Resources */ = {isa = PBXBuildFile; fileRef = 92B619A7273EBFBA00BE31D1 /* SpoqaHanSansNeo-Light.otf */; };
		92B619AD273EC01400BE31D1 /* SpoqaHanSansNeo-Medium.otf in Resources */ = {isa = PBXBuildFile; fileRef = 92B619A6273EBFBA00BE31D1 /* SpoqaHanSansNeo-Medium.otf */; };
		92B619AE273EC01400BE31D1 /* SpoqaHanSansNeo-Thin.otf in Resources */ = {isa = PBXBuildFile; fileRef = 92B619A8273EBFBA00BE31D1 /* SpoqaHanSansNeo-Thin.otf */; };
		92B619B2273EC53900BE31D1 /* FirstOnboardingVC.swift in Sources */ = {isa = PBXBuildFile; fileRef = 92B619B1273EC53900BE31D1 /* FirstOnboardingVC.swift */; };
		92B619B5273EC56A00BE31D1 /* SecondOnboardingVC.swift in Sources */ = {isa = PBXBuildFile; fileRef = 92B619B3273EC56A00BE31D1 /* SecondOnboardingVC.swift */; };
		92B619B6273EC56A00BE31D1 /* ThirdOnboardingVC.swift in Sources */ = {isa = PBXBuildFile; fileRef = 92B619B4273EC56A00BE31D1 /* ThirdOnboardingVC.swift */; };
		92B619B9273ECA2400BE31D1 /* Colors.xcassets in Resources */ = {isa = PBXBuildFile; fileRef = 92B619B8273ECA2400BE31D1 /* Colors.xcassets */; };
		92B619BB273ED10100BE31D1 /* MainVC.swift in Sources */ = {isa = PBXBuildFile; fileRef = 92B619BA273ED10100BE31D1 /* MainVC.swift */; };
		92B619BD273ED13D00BE31D1 /* Main.storyboard in Resources */ = {isa = PBXBuildFile; fileRef = 92B619BC273ED13D00BE31D1 /* Main.storyboard */; };
		92B619C1273ED3F700BE31D1 /* TabBarController.swift in Sources */ = {isa = PBXBuildFile; fileRef = 92B619C0273ED3F700BE31D1 /* TabBarController.swift */; };
		92B619C3273ED4C200BE31D1 /* UIColor+.swift in Sources */ = {isa = PBXBuildFile; fileRef = 92B619C2273ED4C200BE31D1 /* UIColor+.swift */; };
		92B619C5273ED8B700BE31D1 /* MyPage.storyboard in Resources */ = {isa = PBXBuildFile; fileRef = 92B619C4273ED8B700BE31D1 /* MyPage.storyboard */; };
		92B619C8273ED90900BE31D1 /* MyPageVC.swift in Sources */ = {isa = PBXBuildFile; fileRef = 92B619C7273ED90900BE31D1 /* MyPageVC.swift */; };
		92B619CA273EDD7A00BE31D1 /* PopUpVC.swift in Sources */ = {isa = PBXBuildFile; fileRef = 92B619C9273EDD7A00BE31D1 /* PopUpVC.swift */; };
		92D36B2B27466BA50064B59E /* Indicator.xcassets in Resources */ = {isa = PBXBuildFile; fileRef = 92D36B2A27466BA50064B59E /* Indicator.xcassets */; };
		92D36B2D27466BC40064B59E /* Guide.xcassets in Resources */ = {isa = PBXBuildFile; fileRef = 92D36B2C27466BC40064B59E /* Guide.xcassets */; };
		92D36B2F27466C130064B59E /* ProductImage.xcassets in Resources */ = {isa = PBXBuildFile; fileRef = 92D36B2E27466C130064B59E /* ProductImage.xcassets */; };
		92D36B3127466C610064B59E /* PillScanCompleteVC.swift in Sources */ = {isa = PBXBuildFile; fileRef = 92D36B3027466C610064B59E /* PillScanCompleteVC.swift */; };
		92D36B33274670090064B59E /* PillMessageVC.swift in Sources */ = {isa = PBXBuildFile; fileRef = 92D36B32274670090064B59E /* PillMessageVC.swift */; };
		92D36B35274675210064B59E /* PillMessageDetailVC.swift in Sources */ = {isa = PBXBuildFile; fileRef = 92D36B34274675210064B59E /* PillMessageDetailVC.swift */; };
		92D98601274400A1008BEE06 /* UIButton+.swift in Sources */ = {isa = PBXBuildFile; fileRef = 92D98600274400A1008BEE06 /* UIButton+.swift */; };
		92D9860427440CD8008BEE06 /* ProductDataModel.swift in Sources */ = {isa = PBXBuildFile; fileRef = 92D9860327440CD8008BEE06 /* ProductDataModel.swift */; };
		92D9860727441261008BEE06 /* ProductTVC.swift in Sources */ = {isa = PBXBuildFile; fileRef = 92D9860527441261008BEE06 /* ProductTVC.swift */; };
		92D9860827441261008BEE06 /* ProductTVC.xib in Resources */ = {isa = PBXBuildFile; fileRef = 92D9860627441261008BEE06 /* ProductTVC.xib */; };
		92D9860E27441BD0008BEE06 /* MainHeaderView.xib in Resources */ = {isa = PBXBuildFile; fileRef = 92D9860D27441BD0008BEE06 /* MainHeaderView.xib */; };
		92D9861027441BE1008BEE06 /* MainHeaderView.swift in Sources */ = {isa = PBXBuildFile; fileRef = 92D9860F27441BE1008BEE06 /* MainHeaderView.swift */; };
		92D986122744229A008BEE06 /* Pill.storyboard in Resources */ = {isa = PBXBuildFile; fileRef = 92D986112744229A008BEE06 /* Pill.storyboard */; };
		92F3ED412744283700231282 /* StoreVC.swift in Sources */ = {isa = PBXBuildFile; fileRef = 92F3ED402744283700231282 /* StoreVC.swift */; };
		92F3ED44274433B800231282 /* PillGuideVC.swift in Sources */ = {isa = PBXBuildFile; fileRef = 92F3ED43274433B800231282 /* PillGuideVC.swift */; };
/* End PBXBuildFile section */

/* Begin PBXFileReference section */
		92A049D6273DDD5100AF83C2 /* Yakssok.app */ = {isa = PBXFileReference; explicitFileType = wrapper.application; includeInIndex = 0; path = Yakssok.app; sourceTree = BUILT_PRODUCTS_DIR; };
		92A049D9273DDD5100AF83C2 /* AppDelegate.swift */ = {isa = PBXFileReference; lastKnownFileType = sourcecode.swift; path = AppDelegate.swift; sourceTree = "<group>"; };
		92A049DB273DDD5100AF83C2 /* SceneDelegate.swift */ = {isa = PBXFileReference; lastKnownFileType = sourcecode.swift; path = SceneDelegate.swift; sourceTree = "<group>"; };
		92A049DD273DDD5100AF83C2 /* PillScanVC.swift */ = {isa = PBXFileReference; lastKnownFileType = sourcecode.swift; path = PillScanVC.swift; sourceTree = "<group>"; };
		92A049E2273DDD5200AF83C2 /* Icon.xcassets */ = {isa = PBXFileReference; lastKnownFileType = folder.assetcatalog; path = Icon.xcassets; sourceTree = "<group>"; };
		92A049E5273DDD5200AF83C2 /* Base */ = {isa = PBXFileReference; lastKnownFileType = file.storyboard; name = Base; path = Base.lproj/LaunchScreen.storyboard; sourceTree = "<group>"; };
		92A049E7273DDD5200AF83C2 /* Info.plist */ = {isa = PBXFileReference; lastKnownFileType = text.plist.xml; path = Info.plist; sourceTree = "<group>"; };
		92A049ED273DDD8500AF83C2 /* SqueezeNet.mlmodel */ = {isa = PBXFileReference; lastKnownFileType = file.mlmodel; path = SqueezeNet.mlmodel; sourceTree = "<group>"; };
		92A049EE273DDD8500AF83C2 /* Resnet50.mlmodel */ = {isa = PBXFileReference; lastKnownFileType = file.mlmodel; path = Resnet50.mlmodel; sourceTree = "<group>"; };
		92A04A01273DE8EC00AF83C2 /* Onboarding.storyboard */ = {isa = PBXFileReference; lastKnownFileType = file.storyboard; path = Onboarding.storyboard; sourceTree = "<group>"; };
		92A04A03273DEA1600AF83C2 /* NavigationController.swift */ = {isa = PBXFileReference; lastKnownFileType = sourcecode.swift; path = NavigationController.swift; sourceTree = "<group>"; };
		92B0456027422AEF0030B923 /* AgeTVC.swift */ = {isa = PBXFileReference; lastKnownFileType = sourcecode.swift; path = AgeTVC.swift; sourceTree = "<group>"; };
		92B0456127422AEF0030B923 /* AgeTVC.xib */ = {isa = PBXFileReference; lastKnownFileType = file.xib; path = AgeTVC.xib; sourceTree = "<group>"; };
		92B0456427422B110030B923 /* AgeCVC.swift */ = {isa = PBXFileReference; lastKnownFileType = sourcecode.swift; path = AgeCVC.swift; sourceTree = "<group>"; };
		92B0456527422B110030B923 /* AgeCVC.xib */ = {isa = PBXFileReference; lastKnownFileType = file.xib; path = AgeCVC.xib; sourceTree = "<group>"; };
		92B0456827422B790030B923 /* SituationTVC.swift */ = {isa = PBXFileReference; lastKnownFileType = sourcecode.swift; path = SituationTVC.swift; sourceTree = "<group>"; };
		92B0456927422B790030B923 /* SituationTVC.xib */ = {isa = PBXFileReference; lastKnownFileType = file.xib; path = SituationTVC.xib; sourceTree = "<group>"; };
		92B0457327423BBC0030B923 /* PopUp.storyboard */ = {isa = PBXFileReference; lastKnownFileType = file.storyboard; path = PopUp.storyboard; sourceTree = "<group>"; };
		92B619A5273EBFBA00BE31D1 /* SpoqaHanSansNeo-Regular.otf */ = {isa = PBXFileReference; lastKnownFileType = file; path = "SpoqaHanSansNeo-Regular.otf"; sourceTree = "<group>"; };
		92B619A6273EBFBA00BE31D1 /* SpoqaHanSansNeo-Medium.otf */ = {isa = PBXFileReference; lastKnownFileType = file; path = "SpoqaHanSansNeo-Medium.otf"; sourceTree = "<group>"; };
		92B619A7273EBFBA00BE31D1 /* SpoqaHanSansNeo-Light.otf */ = {isa = PBXFileReference; lastKnownFileType = file; path = "SpoqaHanSansNeo-Light.otf"; sourceTree = "<group>"; };
		92B619A8273EBFBA00BE31D1 /* SpoqaHanSansNeo-Thin.otf */ = {isa = PBXFileReference; lastKnownFileType = file; path = "SpoqaHanSansNeo-Thin.otf"; sourceTree = "<group>"; };
		92B619A9273EBFBA00BE31D1 /* SpoqaHanSansNeo-Bold.otf */ = {isa = PBXFileReference; lastKnownFileType = file; path = "SpoqaHanSansNeo-Bold.otf"; sourceTree = "<group>"; };
		92B619B1273EC53900BE31D1 /* FirstOnboardingVC.swift */ = {isa = PBXFileReference; lastKnownFileType = sourcecode.swift; path = FirstOnboardingVC.swift; sourceTree = "<group>"; };
		92B619B3273EC56A00BE31D1 /* SecondOnboardingVC.swift */ = {isa = PBXFileReference; fileEncoding = 4; lastKnownFileType = sourcecode.swift; path = SecondOnboardingVC.swift; sourceTree = "<group>"; };
		92B619B4273EC56A00BE31D1 /* ThirdOnboardingVC.swift */ = {isa = PBXFileReference; fileEncoding = 4; lastKnownFileType = sourcecode.swift; path = ThirdOnboardingVC.swift; sourceTree = "<group>"; };
		92B619B8273ECA2400BE31D1 /* Colors.xcassets */ = {isa = PBXFileReference; lastKnownFileType = folder.assetcatalog; path = Colors.xcassets; sourceTree = "<group>"; };
		92B619BA273ED10100BE31D1 /* MainVC.swift */ = {isa = PBXFileReference; lastKnownFileType = sourcecode.swift; path = MainVC.swift; sourceTree = "<group>"; };
		92B619BC273ED13D00BE31D1 /* Main.storyboard */ = {isa = PBXFileReference; lastKnownFileType = file.storyboard; path = Main.storyboard; sourceTree = "<group>"; };
		92B619C0273ED3F700BE31D1 /* TabBarController.swift */ = {isa = PBXFileReference; lastKnownFileType = sourcecode.swift; path = TabBarController.swift; sourceTree = "<group>"; };
		92B619C2273ED4C200BE31D1 /* UIColor+.swift */ = {isa = PBXFileReference; lastKnownFileType = sourcecode.swift; path = "UIColor+.swift"; sourceTree = "<group>"; };
		92B619C4273ED8B700BE31D1 /* MyPage.storyboard */ = {isa = PBXFileReference; lastKnownFileType = file.storyboard; path = MyPage.storyboard; sourceTree = "<group>"; };
		92B619C7273ED90900BE31D1 /* MyPageVC.swift */ = {isa = PBXFileReference; lastKnownFileType = sourcecode.swift; path = MyPageVC.swift; sourceTree = "<group>"; };
		92B619C9273EDD7A00BE31D1 /* PopUpVC.swift */ = {isa = PBXFileReference; lastKnownFileType = sourcecode.swift; path = PopUpVC.swift; sourceTree = "<group>"; };
		92D36B2A27466BA50064B59E /* Indicator.xcassets */ = {isa = PBXFileReference; lastKnownFileType = folder.assetcatalog; path = Indicator.xcassets; sourceTree = "<group>"; };
		92D36B2C27466BC40064B59E /* Guide.xcassets */ = {isa = PBXFileReference; lastKnownFileType = folder.assetcatalog; path = Guide.xcassets; sourceTree = "<group>"; };
		92D36B2E27466C130064B59E /* ProductImage.xcassets */ = {isa = PBXFileReference; lastKnownFileType = folder.assetcatalog; path = ProductImage.xcassets; sourceTree = "<group>"; };
		92D36B3027466C610064B59E /* PillScanCompleteVC.swift */ = {isa = PBXFileReference; lastKnownFileType = sourcecode.swift; path = PillScanCompleteVC.swift; sourceTree = "<group>"; };
		92D36B32274670090064B59E /* PillMessageVC.swift */ = {isa = PBXFileReference; lastKnownFileType = sourcecode.swift; path = PillMessageVC.swift; sourceTree = "<group>"; };
		92D36B34274675210064B59E /* PillMessageDetailVC.swift */ = {isa = PBXFileReference; lastKnownFileType = sourcecode.swift; path = PillMessageDetailVC.swift; sourceTree = "<group>"; };
		92D98600274400A1008BEE06 /* UIButton+.swift */ = {isa = PBXFileReference; lastKnownFileType = sourcecode.swift; path = "UIButton+.swift"; sourceTree = "<group>"; };
		92D9860327440CD8008BEE06 /* ProductDataModel.swift */ = {isa = PBXFileReference; lastKnownFileType = sourcecode.swift; path = ProductDataModel.swift; sourceTree = "<group>"; };
		92D9860527441261008BEE06 /* ProductTVC.swift */ = {isa = PBXFileReference; lastKnownFileType = sourcecode.swift; path = ProductTVC.swift; sourceTree = "<group>"; };
		92D9860627441261008BEE06 /* ProductTVC.xib */ = {isa = PBXFileReference; lastKnownFileType = file.xib; path = ProductTVC.xib; sourceTree = "<group>"; };
		92D9860D27441BD0008BEE06 /* MainHeaderView.xib */ = {isa = PBXFileReference; lastKnownFileType = file.xib; path = MainHeaderView.xib; sourceTree = "<group>"; };
		92D9860F27441BE1008BEE06 /* MainHeaderView.swift */ = {isa = PBXFileReference; lastKnownFileType = sourcecode.swift; path = MainHeaderView.swift; sourceTree = "<group>"; };
		92D986112744229A008BEE06 /* Pill.storyboard */ = {isa = PBXFileReference; lastKnownFileType = file.storyboard; path = Pill.storyboard; sourceTree = "<group>"; };
		92F3ED402744283700231282 /* StoreVC.swift */ = {isa = PBXFileReference; lastKnownFileType = sourcecode.swift; path = StoreVC.swift; sourceTree = "<group>"; };
		92F3ED43274433B800231282 /* PillGuideVC.swift */ = {isa = PBXFileReference; lastKnownFileType = sourcecode.swift; path = PillGuideVC.swift; sourceTree = "<group>"; };
/* End PBXFileReference section */

/* Begin PBXFrameworksBuildPhase section */
		92A049D3273DDD5100AF83C2 /* Frameworks */ = {
			isa = PBXFrameworksBuildPhase;
			buildActionMask = 2147483647;
			files = (
			);
			runOnlyForDeploymentPostprocessing = 0;
		};
/* End PBXFrameworksBuildPhase section */

/* Begin PBXGroup section */
		92A049CD273DDD5100AF83C2 = {
			isa = PBXGroup;
			children = (
				92A049D8273DDD5100AF83C2 /* Yakssok */,
				92A049D7273DDD5100AF83C2 /* Products */,
			);
			sourceTree = "<group>";
		};
		92A049D7273DDD5100AF83C2 /* Products */ = {
			isa = PBXGroup;
			children = (
				92A049D6273DDD5100AF83C2 /* Yakssok.app */,
			);
			name = Products;
			sourceTree = "<group>";
		};
		92A049D8273DDD5100AF83C2 /* Yakssok */ = {
			isa = PBXGroup;
			children = (
				92A049E7273DDD5200AF83C2 /* Info.plist */,
				92A049F5273DE7EA00AF83C2 /* Global */,
				92A049F3273DE7B700AF83C2 /* Resources */,
				92A049F1273DE7A800AF83C2 /* Sources */,
			);
			path = Yakssok;
			sourceTree = "<group>";
		};
		92A049F1273DE7A800AF83C2 /* Sources */ = {
			isa = PBXGroup;
			children = (
				92B619BF273ED3D900BE31D1 /* Base */,
				92B619BE273ED3D000BE31D1 /* Pill */,
				92F3ED422744284400231282 /* Store */,
				92B619C6273ED8C000BE31D1 /* MyPage */,
				92B0457227423B8D0030B923 /* PopUp */,
				92A049F9273DE80F00AF83C2 /* Main */,
				92A049F8273DE80900AF83C2 /* Onboarding */,
			);
			path = Sources;
			sourceTree = "<group>";
		};
		92A049F3273DE7B700AF83C2 /* Resources */ = {
			isa = PBXGroup;
			children = (
				92A049EE273DDD8500AF83C2 /* Resnet50.mlmodel */,
				92A049ED273DDD8500AF83C2 /* SqueezeNet.mlmodel */,
				92B619B8273ECA2400BE31D1 /* Colors.xcassets */,
				92A049E2273DDD5200AF83C2 /* Icon.xcassets */,
				92D36B2A27466BA50064B59E /* Indicator.xcassets */,
				92D36B2C27466BC40064B59E /* Guide.xcassets */,
				92D36B2E27466C130064B59E /* ProductImage.xcassets */,
				92B619A4273EBFA400BE31D1 /* Fonts */,
				92B619A1273EB5D400BE31D1 /* Extensions */,
				92A049F4273DE7CE00AF83C2 /* Storyboards */,
			);
			path = Resources;
			sourceTree = "<group>";
		};
		92A049F4273DE7CE00AF83C2 /* Storyboards */ = {
			isa = PBXGroup;
			children = (
				92A049E4273DDD5200AF83C2 /* LaunchScreen.storyboard */,
				92B619BC273ED13D00BE31D1 /* Main.storyboard */,
				92A04A01273DE8EC00AF83C2 /* Onboarding.storyboard */,
				92B619C4273ED8B700BE31D1 /* MyPage.storyboard */,
				92B0457327423BBC0030B923 /* PopUp.storyboard */,
				92D986112744229A008BEE06 /* Pill.storyboard */,
			);
			path = Storyboards;
			sourceTree = "<group>";
		};
		92A049F5273DE7EA00AF83C2 /* Global */ = {
			isa = PBXGroup;
			children = (
				92A049F6273DE7F300AF83C2 /* Supports */,
			);
			path = Global;
			sourceTree = "<group>";
		};
		92A049F6273DE7F300AF83C2 /* Supports */ = {
			isa = PBXGroup;
			children = (
				92A049D9273DDD5100AF83C2 /* AppDelegate.swift */,
				92A049DB273DDD5100AF83C2 /* SceneDelegate.swift */,
			);
			path = Supports;
			sourceTree = "<group>";
		};
		92A049F8273DE80900AF83C2 /* Onboarding */ = {
			isa = PBXGroup;
			children = (
				92B619B1273EC53900BE31D1 /* FirstOnboardingVC.swift */,
				92B619B3273EC56A00BE31D1 /* SecondOnboardingVC.swift */,
				92B619B4273EC56A00BE31D1 /* ThirdOnboardingVC.swift */,
			);
			path = Onboarding;
			sourceTree = "<group>";
		};
		92A049F9273DE80F00AF83C2 /* Main */ = {
			isa = PBXGroup;
			children = (
				92D9860B27441BB3008BEE06 /* Views */,
				92D9860227440CC9008BEE06 /* Models */,
				92B04556274229DA0030B923 /* VCs */,
			);
			path = Main;
			sourceTree = "<group>";
		};
		92B04556274229DA0030B923 /* VCs */ = {
			isa = PBXGroup;
			children = (
				92B619BA273ED10100BE31D1 /* MainVC.swift */,
			);
			path = VCs;
			sourceTree = "<group>";
		};
		92B04557274229DF0030B923 /* Cells */ = {
			isa = PBXGroup;
			children = (
				92B0455D27422AC00030B923 /* CVC */,
				92B0455C27422AB90030B923 /* TVC */,
			);
			path = Cells;
			sourceTree = "<group>";
		};
		92B0455C27422AB90030B923 /* TVC */ = {
			isa = PBXGroup;
			children = (
				92B0456027422AEF0030B923 /* AgeTVC.swift */,
				92B0456127422AEF0030B923 /* AgeTVC.xib */,
				92B0456827422B790030B923 /* SituationTVC.swift */,
				92B0456927422B790030B923 /* SituationTVC.xib */,
				92D9860527441261008BEE06 /* ProductTVC.swift */,
				92D9860627441261008BEE06 /* ProductTVC.xib */,
			);
			path = TVC;
			sourceTree = "<group>";
		};
		92B0455D27422AC00030B923 /* CVC */ = {
			isa = PBXGroup;
			children = (
				92B0456427422B110030B923 /* AgeCVC.swift */,
				92B0456527422B110030B923 /* AgeCVC.xib */,
			);
			path = CVC;
			sourceTree = "<group>";
		};
		92B0457227423B8D0030B923 /* PopUp */ = {
			isa = PBXGroup;
			children = (
				92B619C9273EDD7A00BE31D1 /* PopUpVC.swift */,
			);
			path = PopUp;
			sourceTree = "<group>";
		};
		92B619A1273EB5D400BE31D1 /* Extensions */ = {
			isa = PBXGroup;
			children = (
				92B619C2273ED4C200BE31D1 /* UIColor+.swift */,
				92D98600274400A1008BEE06 /* UIButton+.swift */,
			);
			path = Extensions;
			sourceTree = "<group>";
		};
		92B619A4273EBFA400BE31D1 /* Fonts */ = {
			isa = PBXGroup;
			children = (
				92B619A9273EBFBA00BE31D1 /* SpoqaHanSansNeo-Bold.otf */,
				92B619A7273EBFBA00BE31D1 /* SpoqaHanSansNeo-Light.otf */,
				92B619A6273EBFBA00BE31D1 /* SpoqaHanSansNeo-Medium.otf */,
				92B619A5273EBFBA00BE31D1 /* SpoqaHanSansNeo-Regular.otf */,
				92B619A8273EBFBA00BE31D1 /* SpoqaHanSansNeo-Thin.otf */,
			);
			path = Fonts;
			sourceTree = "<group>";
		};
		92B619BE273ED3D000BE31D1 /* Pill */ = {
			isa = PBXGroup;
			children = (
				92F3ED43274433B800231282 /* PillGuideVC.swift */,
				92A049DD273DDD5100AF83C2 /* PillScanVC.swift */,
				92D36B3027466C610064B59E /* PillScanCompleteVC.swift */,
				92D36B32274670090064B59E /* PillMessageVC.swift */,
				92D36B34274675210064B59E /* PillMessageDetailVC.swift */,
			);
			path = Pill;
			sourceTree = "<group>";
		};
		92B619BF273ED3D900BE31D1 /* Base */ = {
			isa = PBXGroup;
			children = (
				92A04A03273DEA1600AF83C2 /* NavigationController.swift */,
				92B619C0273ED3F700BE31D1 /* TabBarController.swift */,
			);
			path = Base;
			sourceTree = "<group>";
		};
		92B619C6273ED8C000BE31D1 /* MyPage */ = {
			isa = PBXGroup;
			children = (
				92B619C7273ED90900BE31D1 /* MyPageVC.swift */,
			);
			path = MyPage;
			sourceTree = "<group>";
		};
		92D9860227440CC9008BEE06 /* Models */ = {
			isa = PBXGroup;
			children = (
				92D9860327440CD8008BEE06 /* ProductDataModel.swift */,
			);
			path = Models;
			sourceTree = "<group>";
		};
		92D9860B27441BB3008BEE06 /* Views */ = {
			isa = PBXGroup;
			children = (
				92D9860C27441BBB008BEE06 /* HeaderViews */,
				92B04557274229DF0030B923 /* Cells */,
			);
			path = Views;
			sourceTree = "<group>";
		};
		92D9860C27441BBB008BEE06 /* HeaderViews */ = {
			isa = PBXGroup;
			children = (
				92D9860D27441BD0008BEE06 /* MainHeaderView.xib */,
				92D9860F27441BE1008BEE06 /* MainHeaderView.swift */,
			);
			path = HeaderViews;
			sourceTree = "<group>";
		};
		92F3ED422744284400231282 /* Store */ = {
			isa = PBXGroup;
			children = (
				92F3ED402744283700231282 /* StoreVC.swift */,
			);
			path = Store;
			sourceTree = "<group>";
		};
/* End PBXGroup section */

/* Begin PBXNativeTarget section */
		92A049D5273DDD5100AF83C2 /* Yakssok */ = {
			isa = PBXNativeTarget;
			buildConfigurationList = 92A049EA273DDD5200AF83C2 /* Build configuration list for PBXNativeTarget "Yakssok" */;
			buildPhases = (
				92A049D2273DDD5100AF83C2 /* Sources */,
				92A049D3273DDD5100AF83C2 /* Frameworks */,
				92A049D4273DDD5100AF83C2 /* Resources */,
			);
			buildRules = (
			);
			dependencies = (
			);
			name = Yakssok;
			productName = Yakssok;
			productReference = 92A049D6273DDD5100AF83C2 /* Yakssok.app */;
			productType = "com.apple.product-type.application";
		};
/* End PBXNativeTarget section */

/* Begin PBXProject section */
		92A049CE273DDD5100AF83C2 /* Project object */ = {
			isa = PBXProject;
			attributes = {
				BuildIndependentTargetsInParallel = 1;
				LastSwiftUpdateCheck = 1310;
				LastUpgradeCheck = 1310;
				TargetAttributes = {
					92A049D5273DDD5100AF83C2 = {
						CreatedOnToolsVersion = 13.1;
					};
				};
			};
			buildConfigurationList = 92A049D1273DDD5100AF83C2 /* Build configuration list for PBXProject "Yakssok" */;
			compatibilityVersion = "Xcode 13.0";
			developmentRegion = en;
			hasScannedForEncodings = 0;
			knownRegions = (
				en,
				Base,
			);
			mainGroup = 92A049CD273DDD5100AF83C2;
			productRefGroup = 92A049D7273DDD5100AF83C2 /* Products */;
			projectDirPath = "";
			projectRoot = "";
			targets = (
				92A049D5273DDD5100AF83C2 /* Yakssok */,
			);
		};
/* End PBXProject section */

/* Begin PBXResourcesBuildPhase section */
		92A049D4273DDD5100AF83C2 /* Resources */ = {
			isa = PBXResourcesBuildPhase;
			buildActionMask = 2147483647;
			files = (
				92B0457427423BBC0030B923 /* PopUp.storyboard in Resources */,
				92A049E6273DDD5200AF83C2 /* LaunchScreen.storyboard in Resources */,
				92B619AD273EC01400BE31D1 /* SpoqaHanSansNeo-Medium.otf in Resources */,
				92B0456727422B110030B923 /* AgeCVC.xib in Resources */,
				92D36B2D27466BC40064B59E /* Guide.xcassets in Resources */,
				92A049E3273DDD5200AF83C2 /* Icon.xcassets in Resources */,
				92B0456B27422B790030B923 /* SituationTVC.xib in Resources */,
				92B619AB273EC01400BE31D1 /* SpoqaHanSansNeo-Bold.otf in Resources */,
				92B619BD273ED13D00BE31D1 /* Main.storyboard in Resources */,
				92B619B9273ECA2400BE31D1 /* Colors.xcassets in Resources */,
				92B619C5273ED8B700BE31D1 /* MyPage.storyboard in Resources */,
				92A04A02273DE8EC00AF83C2 /* Onboarding.storyboard in Resources */,
				92D9860E27441BD0008BEE06 /* MainHeaderView.xib in Resources */,
				92B0456327422AEF0030B923 /* AgeTVC.xib in Resources */,
				92B619AC273EC01400BE31D1 /* SpoqaHanSansNeo-Light.otf in Resources */,
				92D36B2F27466C130064B59E /* ProductImage.xcassets in Resources */,
				92D9860827441261008BEE06 /* ProductTVC.xib in Resources */,
				92D36B2B27466BA50064B59E /* Indicator.xcassets in Resources */,
				92D986122744229A008BEE06 /* Pill.storyboard in Resources */,
				92B619AA273EC01400BE31D1 /* SpoqaHanSansNeo-Regular.otf in Resources */,
				92B619AE273EC01400BE31D1 /* SpoqaHanSansNeo-Thin.otf in Resources */,
			);
			runOnlyForDeploymentPostprocessing = 0;
		};
/* End PBXResourcesBuildPhase section */

/* Begin PBXSourcesBuildPhase section */
		92A049D2273DDD5100AF83C2 /* Sources */ = {
			isa = PBXSourcesBuildPhase;
			buildActionMask = 2147483647;
			files = (
				92B0456627422B110030B923 /* AgeCVC.swift in Sources */,
				92A049F0273DDD8500AF83C2 /* Resnet50.mlmodel in Sources */,
				92B619BB273ED10100BE31D1 /* MainVC.swift in Sources */,
				92D36B3127466C610064B59E /* PillScanCompleteVC.swift in Sources */,
				92D36B35274675210064B59E /* PillMessageDetailVC.swift in Sources */,
				92B619C8273ED90900BE31D1 /* MyPageVC.swift in Sources */,
				92D9860427440CD8008BEE06 /* ProductDataModel.swift in Sources */,
				92D36B33274670090064B59E /* PillMessageVC.swift in Sources */,
				92B619C1273ED3F700BE31D1 /* TabBarController.swift in Sources */,
				92D9861027441BE1008BEE06 /* MainHeaderView.swift in Sources */,
				92D98601274400A1008BEE06 /* UIButton+.swift in Sources */,
				92A049DE273DDD5100AF83C2 /* PillScanVC.swift in Sources */,
				92A04A04273DEA1600AF83C2 /* NavigationController.swift in Sources */,
				92B0456A27422B790030B923 /* SituationTVC.swift in Sources */,
				92B619C3273ED4C200BE31D1 /* UIColor+.swift in Sources */,
				92B619B5273EC56A00BE31D1 /* SecondOnboardingVC.swift in Sources */,
				92A049DA273DDD5100AF83C2 /* AppDelegate.swift in Sources */,
				92F3ED44274433B800231282 /* PillGuideVC.swift in Sources */,
				92A049DC273DDD5100AF83C2 /* SceneDelegate.swift in Sources */,
				92B619B2273EC53900BE31D1 /* FirstOnboardingVC.swift in Sources */,
				92F3ED412744283700231282 /* StoreVC.swift in Sources */,
				92B619CA273EDD7A00BE31D1 /* PopUpVC.swift in Sources */,
				92B619B6273EC56A00BE31D1 /* ThirdOnboardingVC.swift in Sources */,
				92D9860727441261008BEE06 /* ProductTVC.swift in Sources */,
				92B0456227422AEF0030B923 /* AgeTVC.swift in Sources */,
				92A049EF273DDD8500AF83C2 /* SqueezeNet.mlmodel in Sources */,
			);
			runOnlyForDeploymentPostprocessing = 0;
		};
/* End PBXSourcesBuildPhase section */

/* Begin PBXVariantGroup section */
		92A049E4273DDD5200AF83C2 /* LaunchScreen.storyboard */ = {
			isa = PBXVariantGroup;
			children = (
				92A049E5273DDD5200AF83C2 /* Base */,
			);
			name = LaunchScreen.storyboard;
			sourceTree = "<group>";
		};
/* End PBXVariantGroup section */

/* Begin XCBuildConfiguration section */
		92A049E8273DDD5200AF83C2 /* Debug */ = {
			isa = XCBuildConfiguration;
			buildSettings = {
				ALWAYS_SEARCH_USER_PATHS = NO;
				CLANG_ANALYZER_NONNULL = YES;
				CLANG_ANALYZER_NUMBER_OBJECT_CONVERSION = YES_AGGRESSIVE;
				CLANG_CXX_LANGUAGE_STANDARD = "gnu++17";
				CLANG_CXX_LIBRARY = "libc++";
				CLANG_ENABLE_MODULES = YES;
				CLANG_ENABLE_OBJC_ARC = YES;
				CLANG_ENABLE_OBJC_WEAK = YES;
				CLANG_WARN_BLOCK_CAPTURE_AUTORELEASING = YES;
				CLANG_WARN_BOOL_CONVERSION = YES;
				CLANG_WARN_COMMA = YES;
				CLANG_WARN_CONSTANT_CONVERSION = YES;
				CLANG_WARN_DEPRECATED_OBJC_IMPLEMENTATIONS = YES;
				CLANG_WARN_DIRECT_OBJC_ISA_USAGE = YES_ERROR;
				CLANG_WARN_DOCUMENTATION_COMMENTS = YES;
				CLANG_WARN_EMPTY_BODY = YES;
				CLANG_WARN_ENUM_CONVERSION = YES;
				CLANG_WARN_INFINITE_RECURSION = YES;
				CLANG_WARN_INT_CONVERSION = YES;
				CLANG_WARN_NON_LITERAL_NULL_CONVERSION = YES;
				CLANG_WARN_OBJC_IMPLICIT_RETAIN_SELF = YES;
				CLANG_WARN_OBJC_LITERAL_CONVERSION = YES;
				CLANG_WARN_OBJC_ROOT_CLASS = YES_ERROR;
				CLANG_WARN_QUOTED_INCLUDE_IN_FRAMEWORK_HEADER = YES;
				CLANG_WARN_RANGE_LOOP_ANALYSIS = YES;
				CLANG_WARN_STRICT_PROTOTYPES = YES;
				CLANG_WARN_SUSPICIOUS_MOVE = YES;
				CLANG_WARN_UNGUARDED_AVAILABILITY = YES_AGGRESSIVE;
				CLANG_WARN_UNREACHABLE_CODE = YES;
				CLANG_WARN__DUPLICATE_METHOD_MATCH = YES;
				COPY_PHASE_STRIP = NO;
				DEBUG_INFORMATION_FORMAT = dwarf;
				ENABLE_STRICT_OBJC_MSGSEND = YES;
				ENABLE_TESTABILITY = YES;
				GCC_C_LANGUAGE_STANDARD = gnu11;
				GCC_DYNAMIC_NO_PIC = NO;
				GCC_NO_COMMON_BLOCKS = YES;
				GCC_OPTIMIZATION_LEVEL = 0;
				GCC_PREPROCESSOR_DEFINITIONS = (
					"DEBUG=1",
					"$(inherited)",
				);
				GCC_WARN_64_TO_32_BIT_CONVERSION = YES;
				GCC_WARN_ABOUT_RETURN_TYPE = YES_ERROR;
				GCC_WARN_UNDECLARED_SELECTOR = YES;
				GCC_WARN_UNINITIALIZED_AUTOS = YES_AGGRESSIVE;
				GCC_WARN_UNUSED_FUNCTION = YES;
				GCC_WARN_UNUSED_VARIABLE = YES;
				IPHONEOS_DEPLOYMENT_TARGET = 15.0;
				MTL_ENABLE_DEBUG_INFO = INCLUDE_SOURCE;
				MTL_FAST_MATH = YES;
				ONLY_ACTIVE_ARCH = YES;
				SDKROOT = iphoneos;
				SWIFT_ACTIVE_COMPILATION_CONDITIONS = DEBUG;
				SWIFT_OPTIMIZATION_LEVEL = "-Onone";
			};
			name = Debug;
		};
		92A049E9273DDD5200AF83C2 /* Release */ = {
			isa = XCBuildConfiguration;
			buildSettings = {
				ALWAYS_SEARCH_USER_PATHS = NO;
				CLANG_ANALYZER_NONNULL = YES;
				CLANG_ANALYZER_NUMBER_OBJECT_CONVERSION = YES_AGGRESSIVE;
				CLANG_CXX_LANGUAGE_STANDARD = "gnu++17";
				CLANG_CXX_LIBRARY = "libc++";
				CLANG_ENABLE_MODULES = YES;
				CLANG_ENABLE_OBJC_ARC = YES;
				CLANG_ENABLE_OBJC_WEAK = YES;
				CLANG_WARN_BLOCK_CAPTURE_AUTORELEASING = YES;
				CLANG_WARN_BOOL_CONVERSION = YES;
				CLANG_WARN_COMMA = YES;
				CLANG_WARN_CONSTANT_CONVERSION = YES;
				CLANG_WARN_DEPRECATED_OBJC_IMPLEMENTATIONS = YES;
				CLANG_WARN_DIRECT_OBJC_ISA_USAGE = YES_ERROR;
				CLANG_WARN_DOCUMENTATION_COMMENTS = YES;
				CLANG_WARN_EMPTY_BODY = YES;
				CLANG_WARN_ENUM_CONVERSION = YES;
				CLANG_WARN_INFINITE_RECURSION = YES;
				CLANG_WARN_INT_CONVERSION = YES;
				CLANG_WARN_NON_LITERAL_NULL_CONVERSION = YES;
				CLANG_WARN_OBJC_IMPLICIT_RETAIN_SELF = YES;
				CLANG_WARN_OBJC_LITERAL_CONVERSION = YES;
				CLANG_WARN_OBJC_ROOT_CLASS = YES_ERROR;
				CLANG_WARN_QUOTED_INCLUDE_IN_FRAMEWORK_HEADER = YES;
				CLANG_WARN_RANGE_LOOP_ANALYSIS = YES;
				CLANG_WARN_STRICT_PROTOTYPES = YES;
				CLANG_WARN_SUSPICIOUS_MOVE = YES;
				CLANG_WARN_UNGUARDED_AVAILABILITY = YES_AGGRESSIVE;
				CLANG_WARN_UNREACHABLE_CODE = YES;
				CLANG_WARN__DUPLICATE_METHOD_MATCH = YES;
				COPY_PHASE_STRIP = NO;
				DEBUG_INFORMATION_FORMAT = "dwarf-with-dsym";
				ENABLE_NS_ASSERTIONS = NO;
				ENABLE_STRICT_OBJC_MSGSEND = YES;
				GCC_C_LANGUAGE_STANDARD = gnu11;
				GCC_NO_COMMON_BLOCKS = YES;
				GCC_WARN_64_TO_32_BIT_CONVERSION = YES;
				GCC_WARN_ABOUT_RETURN_TYPE = YES_ERROR;
				GCC_WARN_UNDECLARED_SELECTOR = YES;
				GCC_WARN_UNINITIALIZED_AUTOS = YES_AGGRESSIVE;
				GCC_WARN_UNUSED_FUNCTION = YES;
				GCC_WARN_UNUSED_VARIABLE = YES;
				IPHONEOS_DEPLOYMENT_TARGET = 15.0;
				MTL_ENABLE_DEBUG_INFO = NO;
				MTL_FAST_MATH = YES;
				SDKROOT = iphoneos;
				SWIFT_COMPILATION_MODE = wholemodule;
				SWIFT_OPTIMIZATION_LEVEL = "-O";
				VALIDATE_PRODUCT = YES;
			};
			name = Release;
		};
		92A049EB273DDD5200AF83C2 /* Debug */ = {
			isa = XCBuildConfiguration;
			buildSettings = {
				ASSETCATALOG_COMPILER_APPICON_NAME = AppIcon;
				ASSETCATALOG_COMPILER_GLOBAL_ACCENT_COLOR_NAME = AccentColor;
				CODE_SIGN_STYLE = Automatic;
				CURRENT_PROJECT_VERSION = 1;
				DEVELOPMENT_TEAM = 4QG3GC35LA;
				GENERATE_INFOPLIST_FILE = YES;
				INFOPLIST_FILE = Yakssok/Info.plist;
				INFOPLIST_KEY_NSCameraUsageDescription = "카메라 허용해줘.";
				INFOPLIST_KEY_UIApplicationSupportsIndirectInputEvents = YES;
				INFOPLIST_KEY_UILaunchStoryboardName = LaunchScreen;
				INFOPLIST_KEY_UIMainStoryboardFile = Onboarding;
				INFOPLIST_KEY_UISupportedInterfaceOrientations_iPad = "UIInterfaceOrientationPortrait UIInterfaceOrientationPortraitUpsideDown UIInterfaceOrientationLandscapeLeft UIInterfaceOrientationLandscapeRight";
				INFOPLIST_KEY_UISupportedInterfaceOrientations_iPhone = "UIInterfaceOrientationPortrait UIInterfaceOrientationLandscapeLeft UIInterfaceOrientationLandscapeRight";
				LD_RUNPATH_SEARCH_PATHS = (
					"$(inherited)",
					"@executable_path/Frameworks",
				);
				MARKETING_VERSION = 1.0;
				PRODUCT_BUNDLE_IDENTIFIER = soyeon.Yakssok;
				PRODUCT_NAME = "$(TARGET_NAME)";
				SWIFT_EMIT_LOC_STRINGS = YES;
				SWIFT_VERSION = 5.0;
				TARGETED_DEVICE_FAMILY = "1,2";
			};
			name = Debug;
		};
		92A049EC273DDD5200AF83C2 /* Release */ = {
			isa = XCBuildConfiguration;
			buildSettings = {
				ASSETCATALOG_COMPILER_APPICON_NAME = AppIcon;
				ASSETCATALOG_COMPILER_GLOBAL_ACCENT_COLOR_NAME = AccentColor;
				CODE_SIGN_STYLE = Automatic;
				CURRENT_PROJECT_VERSION = 1;
				DEVELOPMENT_TEAM = 4QG3GC35LA;
				GENERATE_INFOPLIST_FILE = YES;
				INFOPLIST_FILE = Yakssok/Info.plist;
				INFOPLIST_KEY_NSCameraUsageDescription = "카메라 허용해줘.";
				INFOPLIST_KEY_UIApplicationSupportsIndirectInputEvents = YES;
				INFOPLIST_KEY_UILaunchStoryboardName = LaunchScreen;
				INFOPLIST_KEY_UIMainStoryboardFile = Onboarding;
				INFOPLIST_KEY_UISupportedInterfaceOrientations_iPad = "UIInterfaceOrientationPortrait UIInterfaceOrientationPortraitUpsideDown UIInterfaceOrientationLandscapeLeft UIInterfaceOrientationLandscapeRight";
				INFOPLIST_KEY_UISupportedInterfaceOrientations_iPhone = "UIInterfaceOrientationPortrait UIInterfaceOrientationLandscapeLeft UIInterfaceOrientationLandscapeRight";
				LD_RUNPATH_SEARCH_PATHS = (
					"$(inherited)",
					"@executable_path/Frameworks",
				);
				MARKETING_VERSION = 1.0;
				PRODUCT_BUNDLE_IDENTIFIER = soyeon.Yakssok;
				PRODUCT_NAME = "$(TARGET_NAME)";
				SWIFT_EMIT_LOC_STRINGS = YES;
				SWIFT_VERSION = 5.0;
				TARGETED_DEVICE_FAMILY = "1,2";
			};
			name = Release;
		};
/* End XCBuildConfiguration section */

/* Begin XCConfigurationList section */
		92A049D1273DDD5100AF83C2 /* Build configuration list for PBXProject "Yakssok" */ = {
			isa = XCConfigurationList;
			buildConfigurations = (
				92A049E8273DDD5200AF83C2 /* Debug */,
				92A049E9273DDD5200AF83C2 /* Release */,
			);
			defaultConfigurationIsVisible = 0;
			defaultConfigurationName = Release;
		};
		92A049EA273DDD5200AF83C2 /* Build configuration list for PBXNativeTarget "Yakssok" */ = {
			isa = XCConfigurationList;
			buildConfigurations = (
				92A049EB273DDD5200AF83C2 /* Debug */,
				92A049EC273DDD5200AF83C2 /* Release */,
			);
			defaultConfigurationIsVisible = 0;
			defaultConfigurationName = Release;
		};
/* End XCConfigurationList section */
	};
	rootObject = 92A049CE273DDD5100AF83C2 /* Project object */;
}
